{"1.2.0",
[{<<"esqlite">>,{pkg,<<"esqlite">>,<<"0.9.0">>},0},
 {<<"kura">>,
  {git,"https://github.com/Taure/kura.git",
       {ref,"78f71e2e954e11c2f1cf49112dc8123c8dd8cf95"}},
  0},
 {<<"telemetry">>,{pkg,<<"telemetry">>,<<"1.4.1">>},1}]}.
[
{pkg_hash,[
 {<<"esqlite">>, <<"23960E182234D0300F946066C6FA9F3E06951ABF2FD36E07F1FD18F40B8624E0">>},
 {<<"telemetry">>, <<"AB6DE178E2B29B58E8256B92B382EA3F590A47152CA3651EA857A6CAE05AC423">>}]},
{pkg_hash_ext,[
 {<<"esqlite">>, <<"CCF72258A4EE152EC7AD92AA9A03552EB6CA1B06B65C93AD5B6E55C302E05855">>},
 {<<"telemetry">>, <<"2172E05A27531D3D31DD9782841065C50DD5C3C7699D95266B2EDD54C2DAFA1C">>}]}
].
